
Microsoft Visual Studio Solution File, Format Version 12.00
# Visual Studio Version 17
VisualStudioVersion = 17.10.35013.160
MinimumVisualStudioVersion = 10.0.40219.1
Project("{FAE04EC0-301F-11D3-BF4B-00C04F79EFBC}") = "CardReader", "CardReader.csproj", "{6B25DB69-0201-4D2E-916F-B25ED478F755}"
EndProject
Global
	GlobalSection(SolutionConfigurationPlatforms) = preSolution
		Debug|Any CPU = Debug|Any CPU
		Release|Any CPU = Release|Any CPU
	EndGlobalSection
	GlobalSection(ProjectConfigurationPlatforms) = postSolution
		{6B25DB69-0201-4D2E-916F-B25ED478F755}.Debug|Any CPU.ActiveCfg = Debug|Any CPU
		{6B25DB69-0201-4D2E-916F-B25ED478F755}.Debug|Any CPU.Build.0 = Debug|Any CPU
		{6B25DB69-0201-4D2E-916F-B25ED478F755}.Release|Any CPU.ActiveCfg = Release|Any CPU
		{6B25DB69-0201-4D2E-916F-B25ED478F755}.Release|Any CPU.Build.0 = Release|Any CPU
	EndGlobalSection
	GlobalSection(SolutionProperties) = preSolution
		HideSolutionNode = FALSE
	EndGlobalSection
	GlobalSection(ExtensibilityGlobals) = postSolution
		SolutionGuid = {CF2FA019-08A5-483A-9BA6-AB482F1F26F4}
	EndGlobalSection
EndGlobal
